schema: '2.0'
stages:
  pipeline:
    cmd: python src/main.py
    deps:
    - path: data/raw/test_data.csv
      hash: md5
      md5: ec8f7304b062068ae9d2f5fbd78babf8
      size: 2696806
    - path: data/raw/train_data.csv
      hash: md5
      md5: e0c5cf1f65633edc25cb6274cef81692
      size: 6161121
    - path: src/config.py
      hash: md5
      md5: f65ad5a09ec78986d2245564480eb7df
      size: 1665
    - path: src/decision_logic.py
      hash: md5
      md5: 5b0d88d0c6e770ac8b9663e553ef5251
      size: 1584
    - path: src/evaluate.py
      hash: md5
      md5: c782397bc2ad80677c200e5c68db7ac4
      size: 1736
    - path: src/features.py
      hash: md5
      md5: e660d2f2ce28e2052f523955aa3089ef
      size: 1090
    - path: src/load.py
      hash: md5
      md5: 4abc9199a6371b38af4b0cf6fe483f4d
      size: 957
    - path: src/main.py
      hash: md5
      md5: 97449b7facc48bff691cf1ad8d2b7ba1
      size: 4966
    - path: src/metrics.py
      hash: md5
      md5: 372e270721583e13640a9d65d4f11f5e
      size: 3076
    - path: src/preprocessing.py
      hash: md5
      md5: 71ec64a3a402b468d114bb886319b487
      size: 1235
    - path: src/train_churn.py
      hash: md5
      md5: c846cc7f187d81ad7620686e53ccdec6
      size: 608
    - path: src/train_price.py
      hash: md5
      md5: f6c62c9b4f104a8c8252715250c95a3d
      size: 514
    outs:
    - path: models/churn_model.joblib
      hash: md5
      md5: 1cf3f782760df7cb69c985f5822e86ba
      size: 235184
    - path: models/price_model.joblib
      hash: md5
      md5: f2b6c8de4f67b29e57c848b92992d970
      size: 2287959
    - path: outputs/decisions.csv
      hash: md5
      md5: 95e0b2c7f0cd6303ff64fa82fc5aff39
      size: 7083490
    - path: outputs/metrics.json
      hash: md5
      md5: c8064c07b023d4255657e471913863c3
      size: 131
    - path: outputs/train_predictions.csv
      hash: md5
      md5: 8ae1fd3cc79cd61005d0d5a61f3bc44c
      size: 308526
    - path: outputs/valid_predictions.csv
      hash: md5
      md5: 724d782a7db20df488b5777c78fdeb79
      size: 308755
